
Microsoft Visual Studio Solution File, Format Version 12.00
# Visual Studio 2012
Project("{FAE04EC0-301F-11D3-BF4B-00C04F79EFBC}") = "StockPriceClient", "StockPriceClient\StockPriceClient.csproj", "{ECA868C2-A38F-474E-8F70-CC3A0177FFDF}"
EndProject
Global
	GlobalSection(SolutionConfigurationPlatforms) = preSolution
		Debug|Any CPU = Debug|Any CPU
		Release|Any CPU = Release|Any CPU
	EndGlobalSection
	GlobalSection(ProjectConfigurationPlatforms) = postSolution
		{ECA868C2-A38F-474E-8F70-CC3A0177FFDF}.Debug|Any CPU.ActiveCfg = Debug|Any CPU
		{ECA868C2-A38F-474E-8F70-CC3A0177FFDF}.Debug|Any CPU.Build.0 = Debug|Any CPU
		{ECA868C2-A38F-474E-8F70-CC3A0177FFDF}.Release|Any CPU.ActiveCfg = Release|Any CPU
		{ECA868C2-A38F-474E-8F70-CC3A0177FFDF}.Release|Any CPU.Build.0 = Release|Any CPU
	EndGlobalSection
	GlobalSection(SolutionProperties) = preSolution
		HideSolutionNode = FALSE
	EndGlobalSection
EndGlobal
